{
  "name": "gahoot",
  "version": "0.0.1",
  "lockfileVersion": 2,
  "requires": true,
  "packages": {
    "": {
      "name": "gahoot",
      "version": "0.0.1",
      "license": "AGPL-3.0-only",
      "dependencies": {
        "alpinejs": "^3.10.2"
      },
      "devDependencies": {
        "@types/alpinejs": "^3.7.0",
        "typescript": "^4.7.3"
      }
    },
    "node_modules/@types/alpinejs": {
      "version": "3.7.0",
      "resolved": "https://registry.npmjs.org/@types/alpinejs/-/alpinejs-3.7.0.tgz",
      "integrity": "sha512-iMvJwgJHYFUlMOixKF68BmMQZbnxVA/erh1blbfhY8Z6u6oleEJViz8bye58roLOp8jyBNOsXtobyq7zR/7A2g==",
      "dev": true,
      "dependencies": {
        "@vue/reactivity": "^3.2.26"
      }
    },
    "node_modules/@types/alpinejs/node_modules/@vue/reactivity": {
      "version": "3.2.36",
      "resolved": "https://registry.npmjs.org/@vue/reactivity/-/reactivity-3.2.36.tgz",
      "integrity": "sha512-c2qvopo0crh9A4GXi2/2kfGYMxsJW4tVILrqRPydVGZHhq0fnzy6qmclWOhBFckEhmyxmpHpdJtIRYGeKcuhnA==",
      "dev": true,
      "dependencies": {
        "@vue/shared": "3.2.36"
      }
    },
    "node_modules/@types/alpinejs/node_modules/@vue/shared": {
      "version": "3.2.36",
      "resolved": "https://registry.npmjs.org/@vue/shared/-/shared-3.2.36.tgz",
      "integrity": "sha512-JtB41wXl7Au3+Nl3gD16Cfpj7k/6aCroZ6BbOiCMFCMvrOpkg/qQUXTso2XowaNqBbnkuGHurLAqkLBxNGc1hQ==",
      "dev": true
    },
    "node_modules/@vue/reactivity": {
      "version": "3.1.5",
      "resolved": "https://registry.npmjs.org/@vue/reactivity/-/reactivity-3.1.5.tgz",
      "integrity": "sha512-1tdfLmNjWG6t/CsPldh+foumYFo3cpyCHgBYQ34ylaMsJ+SNHQ1kApMIa8jN+i593zQuaw3AdWH0nJTARzCFhg==",
      "dependencies": {
        "@vue/shared": "3.1.5"
      }
    },
    "node_modules/@vue/shared": {
      "version": "3.1.5",
      "resolved": "https://registry.npmjs.org/@vue/shared/-/shared-3.1.5.tgz",
      "integrity": "sha512-oJ4F3TnvpXaQwZJNF3ZK+kLPHKarDmJjJ6jyzVNDKH9md1dptjC7lWR//jrGuLdek/U6iltWxqAnYOu8gCiOvA=="
    },
    "node_modules/alpinejs": {
      "version": "3.10.2",
      "resolved": "https://registry.npmjs.org/alpinejs/-/alpinejs-3.10.2.tgz",
      "integrity": "sha512-P6DTX78J94FgsskS3eS23s26hfb0NWQZUidBnkUK7fId1x64/kLm5E79lL3HNItUmHDCKOHvfP8EAcuCVab89w==",
      "dependencies": {
        "@vue/reactivity": "~3.1.1"
      }
    },
    "node_modules/typescript": {
      "version": "4.7.3",
      "resolved": "https://registry.npmjs.org/typescript/-/typescript-4.7.3.tgz",
      "integrity": "sha512-WOkT3XYvrpXx4vMMqlD+8R8R37fZkjyLGlxavMc4iB8lrl8L0DeTcHbYgw/v0N/z9wAFsgBhcsF0ruoySS22mA==",
      "dev": true,
      "bin": {
        "tsc": "bin/tsc",
        "tsserver": "bin/tsserver"
      },
      "engines": {
        "node": ">=4.2.0"
      }
    }
  },
  "dependencies": {
    "@types/alpinejs": {
      "version": "3.7.0",
      "resolved": "https://registry.npmjs.org/@types/alpinejs/-/alpinejs-3.7.0.tgz",
      "integrity": "sha512-iMvJwgJHYFUlMOixKF68BmMQZbnxVA/erh1blbfhY8Z6u6oleEJViz8bye58roLOp8jyBNOsXtobyq7zR/7A2g==",
      "dev": true,
      "requires": {
        "@vue/reactivity": "^3.2.26"
      },
      "dependencies": {
        "@vue/reactivity": {
          "version": "3.2.36",
          "resolved": "https://registry.npmjs.org/@vue/reactivity/-/reactivity-3.2.36.tgz",
          "integrity": "sha512-c2qvopo0crh9A4GXi2/2kfGYMxsJW4tVILrqRPydVGZHhq0fnzy6qmclWOhBFckEhmyxmpHpdJtIRYGeKcuhnA==",
          "dev": true,
          "requires": {
            "@vue/shared": "3.2.36"
          }
        },
        "@vue/shared": {
          "version": "3.2.36",
          "resolved": "https://registry.npmjs.org/@vue/shared/-/shared-3.2.36.tgz",
          "integrity": "sha512-JtB41wXl7Au3+Nl3gD16Cfpj7k/6aCroZ6BbOiCMFCMvrOpkg/qQUXTso2XowaNqBbnkuGHurLAqkLBxNGc1hQ==",
          "dev": true
        }
      }
    },
    "@vue/reactivity": {
      "version": "3.1.5",
      "resolved": "https://registry.npmjs.org/@vue/reactivity/-/reactivity-3.1.5.tgz",
      "integrity": "sha512-1tdfLmNjWG6t/CsPldh+foumYFo3cpyCHgBYQ34ylaMsJ+SNHQ1kApMIa8jN+i593zQuaw3AdWH0nJTARzCFhg==",
      "requires": {
        "@vue/shared": "3.1.5"
      }
    },
    "@vue/shared": {
      "version": "3.1.5",
      "resolved": "https://registry.npmjs.org/@vue/shared/-/shared-3.1.5.tgz",
      "integrity": "sha512-oJ4F3TnvpXaQwZJNF3ZK+kLPHKarDmJjJ6jyzVNDKH9md1dptjC7lWR//jrGuLdek/U6iltWxqAnYOu8gCiOvA=="
    },
    "alpinejs": {
      "version": "3.10.2",
      "resolved": "https://registry.npmjs.org/alpinejs/-/alpinejs-3.10.2.tgz",
      "integrity": "sha512-P6DTX78J94FgsskS3eS23s26hfb0NWQZUidBnkUK7fId1x64/kLm5E79lL3HNItUmHDCKOHvfP8EAcuCVab89w==",
      "requires": {
        "@vue/reactivity": "~3.1.1"
      }
    },
    "typescript": {
      "version": "4.7.3",
      "resolved": "https://registry.npmjs.org/typescript/-/typescript-4.7.3.tgz",
      "integrity": "sha512-WOkT3XYvrpXx4vMMqlD+8R8R37fZkjyLGlxavMc4iB8lrl8L0DeTcHbYgw/v0N/z9wAFsgBhcsF0ruoySS22mA==",
      "dev": true
    }
  }
}
